Microsoft Visual Studio Solution File, Format Version 12.00
# Visual Studio 2013
VisualStudioVersion = 12.0.30723.0
MinimumVisualStudioVersion = 10.0.40219.1
Project("{8BC9CEB8-8B4A-11D0-8D11-00A0C91BC942}") = "game_logic", "game_logic\project\game_logic.vcxproj", "{D50477EE-9571-420E-87D5-81CB854355A8}"
EndProject
Project("{8BC9CEB8-8B4A-11D0-8D11-00A0C91BC942}") = "gmock", "gmock_1.7.0\msvc\2013\gmock.vcxproj", "{34681F0D-CE45-415D-B5F2-5C662DFE3BD5}"
EndProject
Project("{8BC9CEB8-8B4A-11D0-8D11-00A0C91BC942}") = "game_logic_test", "game_logic_test\project\game_logic_test.vcxproj", "{E6A85327-8348-4BD7-944F-ED0F34BCBA86}"
	ProjectSection(ProjectDependencies) = postProject
		{34681F0D-CE45-415D-B5F2-5C662DFE3BD5} = {34681F0D-CE45-415D-B5F2-5C662DFE3BD5}
		{D50477EE-9571-420E-87D5-81CB854355A8} = {D50477EE-9571-420E-87D5-81CB854355A8}
	EndProjectSection
EndProject
Project("{8BC9CEB8-8B4A-11D0-8D11-00A0C91BC942}") = "snake_overflow", "snake_overflow\project\snake_overflow.vcxproj", "{FDD68AC9-D34D-4C17-AA56-00C144DA8360}"
EndProject
Project("{8BC9CEB8-8B4A-11D0-8D11-00A0C91BC942}") = "terrain_serialization", "terrain_serialization\project\terrain_serialization.vcxproj", "{3F69421B-AFFF-4421-AFEA-FCA77D4FFB8E}"
EndProject
Project("{8BC9CEB8-8B4A-11D0-8D11-00A0C91BC942}") = "terrain_serialization_test", "terrain_serialization_test\project\terrain_serialization_test.vcxproj", "{A2715361-758B-47E4-8B43-986C3CFA003C}"
EndProject
Project("{8BC9CEB8-8B4A-11D0-8D11-00A0C91BC942}") = "utilities", "utilities\project\utilities.vcxproj", "{2AA461A9-A352-4F63-A52A-D5C5111B0A80}"
EndProject
Global
	GlobalSection(SolutionConfigurationPlatforms) = preSolution
		Debug|x64 = Debug|x64
		Release|x64 = Release|x64
	EndGlobalSection
	GlobalSection(ProjectConfigurationPlatforms) = postSolution
		{D50477EE-9571-420E-87D5-81CB854355A8}.Debug|x64.ActiveCfg = Debug|x64
		{D50477EE-9571-420E-87D5-81CB854355A8}.Debug|x64.Build.0 = Debug|x64
		{D50477EE-9571-420E-87D5-81CB854355A8}.Release|x64.ActiveCfg = Release|x64
		{D50477EE-9571-420E-87D5-81CB854355A8}.Release|x64.Build.0 = Release|x64
		{34681F0D-CE45-415D-B5F2-5C662DFE3BD5}.Debug|x64.ActiveCfg = Debug|x64
		{34681F0D-CE45-415D-B5F2-5C662DFE3BD5}.Debug|x64.Build.0 = Debug|x64
		{34681F0D-CE45-415D-B5F2-5C662DFE3BD5}.Release|x64.ActiveCfg = Release|x64
		{34681F0D-CE45-415D-B5F2-5C662DFE3BD5}.Release|x64.Build.0 = Release|x64
		{E6A85327-8348-4BD7-944F-ED0F34BCBA86}.Debug|x64.ActiveCfg = Debug|x64
		{E6A85327-8348-4BD7-944F-ED0F34BCBA86}.Debug|x64.Build.0 = Debug|x64
		{E6A85327-8348-4BD7-944F-ED0F34BCBA86}.Release|x64.ActiveCfg = Release|x64
		{E6A85327-8348-4BD7-944F-ED0F34BCBA86}.Release|x64.Build.0 = Release|x64
		{FDD68AC9-D34D-4C17-AA56-00C144DA8360}.Debug|x64.ActiveCfg = Debug|x64
		{FDD68AC9-D34D-4C17-AA56-00C144DA8360}.Debug|x64.Build.0 = Debug|x64
		{FDD68AC9-D34D-4C17-AA56-00C144DA8360}.Release|x64.ActiveCfg = Release|x64
		{FDD68AC9-D34D-4C17-AA56-00C144DA8360}.Release|x64.Build.0 = Release|x64
		{3F69421B-AFFF-4421-AFEA-FCA77D4FFB8E}.Debug|x64.ActiveCfg = Debug|x64
		{3F69421B-AFFF-4421-AFEA-FCA77D4FFB8E}.Debug|x64.Build.0 = Debug|x64
		{3F69421B-AFFF-4421-AFEA-FCA77D4FFB8E}.Release|x64.ActiveCfg = Release|x64
		{3F69421B-AFFF-4421-AFEA-FCA77D4FFB8E}.Release|x64.Build.0 = Release|x64
		{A2715361-758B-47E4-8B43-986C3CFA003C}.Debug|x64.ActiveCfg = Debug|x64
		{A2715361-758B-47E4-8B43-986C3CFA003C}.Debug|x64.Build.0 = Debug|x64
		{A2715361-758B-47E4-8B43-986C3CFA003C}.Release|x64.ActiveCfg = Release|x64
		{A2715361-758B-47E4-8B43-986C3CFA003C}.Release|x64.Build.0 = Release|x64
		{2AA461A9-A352-4F63-A52A-D5C5111B0A80}.Debug|x64.ActiveCfg = Debug|x64
		{2AA461A9-A352-4F63-A52A-D5C5111B0A80}.Debug|x64.Build.0 = Debug|x64
		{2AA461A9-A352-4F63-A52A-D5C5111B0A80}.Release|x64.ActiveCfg = Release|x64
		{2AA461A9-A352-4F63-A52A-D5C5111B0A80}.Release|x64.Build.0 = Release|x64
	EndGlobalSection
	GlobalSection(SolutionProperties) = preSolution
		HideSolutionNode = FALSE
	EndGlobalSection
	GlobalSection(Performance) = preSolution
		HasPerformanceSessions = true
	EndGlobalSection
EndGlobal
