<?xml version="1.0" encoding="utf-8"?>
<Project ToolsVersion="4.0" xmlns="http://schemas.microsoft.com/developer/msbuild/2003">
  <ItemGroup>
    <Filter Include="src">
      <UniqueIdentifier>{4FC737F1-C7A5-4376-A066-2A32D752A2FF}</UniqueIdentifier>
      <Extensions>cpp;c;cc;cxx;def;odl;idl;hpj;bat;asm;asmx</Extensions>
    </Filter>
    <Filter Include="include">
      <UniqueIdentifier>{93995380-89BD-4b04-88EB-625FBE52EBFB}</UniqueIdentifier>
      <Extensions>h;hpp;hxx;hm;inl;inc;xsd</Extensions>
    </Filter>
    <Filter Include="resources">
      <UniqueIdentifier>{67DA6AB6-F800-4c08-8B7A-83BB121AAD01}</UniqueIdentifier>
      <Extensions>rc;ico;cur;bmp;dlg;rc2;rct;bin;rgs;gif;jpg;jpeg;jpe;resx;tiff;tif;png;wav</Extensions>
    </Filter>
    <Filter Include="include\snake_overflow">
      <UniqueIdentifier>{fb757995-984c-49ca-ab04-dd0b59a9712e}</UniqueIdentifier>
    </Filter>
  </ItemGroup>
  <ItemGroup>
    <ClCompile Include="..\src\stdafx.cpp">
      <Filter>src</Filter>
    </ClCompile>
    <ClCompile Include="..\src\application.cpp">
      <Filter>src</Filter>
    </ClCompile>
    <ClCompile Include="..\src\point_conversion.cpp">
      <Filter>src</Filter>
    </ClCompile>
    <ClCompile Include="..\src\snake_renderer.cpp">
      <Filter>src</Filter>
    </ClCompile>
    <ClCompile Include="..\src\texture_repository.cpp">
      <Filter>src</Filter>
    </ClCompile>
    <ClCompile Include="..\src\texture_binder.cpp">
      <Filter>src</Filter>
    </ClCompile>
    <ClCompile Include="..\src\color_conversion.cpp">
      <Filter>src</Filter>
    </ClCompile>
    <ClCompile Include="..\src\terrain_renderer.cpp">
      <Filter>src</Filter>
    </ClCompile>
    <ClCompile Include="..\src\item_renderer.cpp">
      <Filter>src</Filter>
    </ClCompile>
    <ClCompile Include="..\src\camera_view.cpp">
      <Filter>src</Filter>
    </ClCompile>
    <ClCompile Include="..\src\world_renderer.cpp">
      <Filter>src</Filter>
    </ClCompile>
    <ClCompile Include="..\src\alpha_blending_enabler.cpp">
      <Filter>src</Filter>
    </ClCompile>
    <ClCompile Include="..\src\game_map_block_cache.cpp">
      <Filter>src</Filter>
    </ClCompile>
    <ClCompile Include="..\src\game_map_repository.cpp">
      <Filter>src</Filter>
    </ClCompile>
    <ClCompile Include="..\src\game_playing_phase.cpp">
      <Filter>src</Filter>
    </ClCompile>
    <ClCompile Include="..\src\map_selection_phase.cpp">
      <Filter>src</Filter>
    </ClCompile>
    <ClCompile Include="..\src\arcball_camera_manipulator.cpp">
      <Filter>src</Filter>
    </ClCompile>
    <ClCompile Include="..\src\auto_follow_camera_manipulator.cpp">
      <Filter>src</Filter>
    </ClCompile>
    <ClCompile Include="..\src\playing_phase_hud_renderer.cpp">
      <Filter>src</Filter>
    </ClCompile>
    <ClCompile Include="..\src\selection_phase_hud_renderer.cpp">
      <Filter>src</Filter>
    </ClCompile>
    <ClCompile Include="..\src\zooming_camera_manipulator.cpp">
      <Filter>src</Filter>
    </ClCompile>
    <ClCompile Include="..\src\fps_calculator.cpp">
      <Filter>src</Filter>
    </ClCompile>
    <ClCompile Include="..\src\application_hud_renderer.cpp">
      <Filter>src</Filter>
    </ClCompile>
    <ClCompile Include="..\src\playing_phase_keyboard_handler.cpp">
      <Filter>src</Filter>
    </ClCompile>
    <ClCompile Include="..\src\persisted_high_scores_rankings.cpp">
      <Filter>src</Filter>
    </ClCompile>
    <ClCompile Include="..\src\high_scores_database.cpp">
      <Filter>src</Filter>
    </ClCompile>
    <ClCompile Include="..\src\player_data_entering_phase.cpp">
      <Filter>src</Filter>
    </ClCompile>
    <ClCompile Include="..\src\show_rankings_phase.cpp">
      <Filter>src</Filter>
    </ClCompile>
  </ItemGroup>
  <ItemGroup>
    <ClInclude Include="..\include\stdafx.hpp">
      <Filter>include</Filter>
    </ClInclude>
    <ClInclude Include="..\include\resources.hpp">
      <Filter>include</Filter>
    </ClInclude>
    <ClInclude Include="..\include\snake_overflow\point_conversion.hpp">
      <Filter>include\snake_overflow</Filter>
    </ClInclude>
    <ClInclude Include="..\include\snake_overflow\application.hpp">
      <Filter>include\snake_overflow</Filter>
    </ClInclude>
    <ClInclude Include="..\include\snake_overflow\snake_renderer.hpp">
      <Filter>include\snake_overflow</Filter>
    </ClInclude>
    <ClInclude Include="..\include\snake_overflow\texture_repository.hpp">
      <Filter>include\snake_overflow</Filter>
    </ClInclude>
    <ClInclude Include="..\include\snake_overflow\texture_binder.hpp">
      <Filter>include\snake_overflow</Filter>
    </ClInclude>
    <ClInclude Include="..\include\snake_overflow\color_conversion.hpp">
      <Filter>include\snake_overflow</Filter>
    </ClInclude>
    <ClInclude Include="..\include\snake_overflow\terrain_renderer.hpp">
      <Filter>include\snake_overflow</Filter>
    </ClInclude>
    <ClInclude Include="..\include\snake_overflow\item_renderer.hpp">
      <Filter>include\snake_overflow</Filter>
    </ClInclude>
    <ClInclude Include="..\include\snake_overflow\camera_view.hpp">
      <Filter>include\snake_overflow</Filter>
    </ClInclude>
    <ClInclude Include="..\include\snake_overflow\world_renderer.hpp">
      <Filter>include\snake_overflow</Filter>
    </ClInclude>
    <ClInclude Include="..\include\snake_overflow\alpha_blending_enabler.hpp">
      <Filter>include\snake_overflow</Filter>
    </ClInclude>
    <ClInclude Include="..\include\snake_overflow\game_map_block_cache.hpp">
      <Filter>include\snake_overflow</Filter>
    </ClInclude>
    <ClInclude Include="..\include\snake_overflow\game_map_repository.hpp">
      <Filter>include\snake_overflow</Filter>
    </ClInclude>
    <ClInclude Include="..\include\snake_overflow\interaction_phase.hpp">
      <Filter>include\snake_overflow</Filter>
    </ClInclude>
    <ClInclude Include="..\include\snake_overflow\game_playing_phase.hpp">
      <Filter>include\snake_overflow</Filter>
    </ClInclude>
    <ClInclude Include="..\include\snake_overflow\map_selection_phase.hpp">
      <Filter>include\snake_overflow</Filter>
    </ClInclude>
    <ClInclude Include="..\include\snake_overflow\auto_follow_camera_manipulator.hpp">
      <Filter>include\snake_overflow</Filter>
    </ClInclude>
    <ClInclude Include="..\include\snake_overflow\arcball_camera_manipulator.hpp">
      <Filter>include\snake_overflow</Filter>
    </ClInclude>
    <ClInclude Include="..\include\snake_overflow\camera_manipulator.hpp">
      <Filter>include\snake_overflow</Filter>
    </ClInclude>
    <ClInclude Include="..\include\snake_overflow\camera_manipulator_toggler.hpp">
      <Filter>include\snake_overflow</Filter>
    </ClInclude>
    <ClInclude Include="..\include\snake_overflow\playing_phase_hud_renderer.hpp">
      <Filter>include\snake_overflow</Filter>
    </ClInclude>
    <ClInclude Include="..\include\snake_overflow\selection_phase_hud_renderer.hpp">
      <Filter>include\snake_overflow</Filter>
    </ClInclude>
    <ClInclude Include="..\include\snake_overflow\zooming_camera_manipulator.hpp">
      <Filter>include\snake_overflow</Filter>
    </ClInclude>
    <ClInclude Include="..\include\snake_overflow\application_hud_renderer.hpp">
      <Filter>include\snake_overflow</Filter>
    </ClInclude>
    <ClInclude Include="..\include\snake_overflow\fps_calculator.hpp">
      <Filter>include\snake_overflow</Filter>
    </ClInclude>
    <ClInclude Include="..\include\snake_overflow\playing_phase_keyboard_handler.hpp">
      <Filter>include\snake_overflow</Filter>
    </ClInclude>
    <ClInclude Include="..\include\snake_overflow\application_state_machine.hpp">
      <Filter>include\snake_overflow</Filter>
    </ClInclude>
    <ClInclude Include="..\include\snake_overflow\persisted_high_scores_rankings.hpp">
      <Filter>include\snake_overflow</Filter>
    </ClInclude>
    <ClInclude Include="..\include\snake_overflow\high_scores_database.hpp">
      <Filter>include\snake_overflow</Filter>
    </ClInclude>
    <ClInclude Include="..\include\snake_overflow\player_data_entering_phase.hpp">
      <Filter>include\snake_overflow</Filter>
    </ClInclude>
    <ClInclude Include="..\include\snake_overflow\show_rankings_phase.hpp">
      <Filter>include\snake_overflow</Filter>
    </ClInclude>
    <ClInclude Include="..\include\snake_overflow\screen_resolution.hpp">
      <Filter>include\snake_overflow</Filter>
    </ClInclude>
  </ItemGroup>
  <ItemGroup>
    <ResourceCompile Include="..\resources\resources.rc">
      <Filter>resources</Filter>
    </ResourceCompile>
  </ItemGroup>
</Project>