<?xml version="1.0" encoding="utf-8"?>
<Project ToolsVersion="4.0" xmlns="http://schemas.microsoft.com/developer/msbuild/2003">
  <ItemGroup>
    <Filter Include="include">
      <UniqueIdentifier>{93995380-89BD-4b04-88EB-625FBE52EBFB}</UniqueIdentifier>
      <Extensions>h;hh;hpp;hxx;hm;inl;inc;xsd</Extensions>
    </Filter>
    <Filter Include="src">
      <UniqueIdentifier>{4FC737F1-C7A5-4376-A066-2A32D752A2FF}</UniqueIdentifier>
      <Extensions>cpp;c;cc;cxx;def;odl;idl;hpj;bat;asm;asmx</Extensions>
    </Filter>
    <Filter Include="export">
      <UniqueIdentifier>{1d849fe4-da08-48a2-815f-0c154f920eb0}</UniqueIdentifier>
    </Filter>
    <Filter Include="export\include">
      <UniqueIdentifier>{e0195803-a15b-44a4-be71-976b5c6caea4}</UniqueIdentifier>
    </Filter>
    <Filter Include="export\include\snake_overflow">
      <UniqueIdentifier>{1b4f480e-8466-47c0-b608-83bb6051eaa4}</UniqueIdentifier>
    </Filter>
    <Filter Include="export\include\snake_overflow\game_logic">
      <UniqueIdentifier>{b4140318-e060-40e4-8456-5365e18ebd22}</UniqueIdentifier>
    </Filter>
    <Filter Include="export\include\util">
      <UniqueIdentifier>{53baa009-4d7c-4463-ab20-ff95001e6a5f}</UniqueIdentifier>
    </Filter>
  </ItemGroup>
  <ItemGroup>
    <ClCompile Include="..\src\stdafx.cpp">
      <Filter>src</Filter>
    </ClCompile>
    <ClCompile Include="..\src\block.cpp">
      <Filter>src</Filter>
    </ClCompile>
    <ClCompile Include="..\src\cube_builder.cpp">
      <Filter>src</Filter>
    </ClCompile>
    <ClCompile Include="..\src\snake.cpp">
      <Filter>src</Filter>
    </ClCompile>
    <ClCompile Include="..\src\position.cpp">
      <Filter>src</Filter>
    </ClCompile>
    <ClCompile Include="..\src\sequence.cpp">
      <Filter>src</Filter>
    </ClCompile>
    <ClCompile Include="..\src\direction.cpp">
      <Filter>src</Filter>
    </ClCompile>
    <ClCompile Include="..\src\dynamics.cpp">
      <Filter>src</Filter>
    </ClCompile>
    <ClCompile Include="..\src\territory.cpp">
      <Filter>src</Filter>
    </ClCompile>
    <ClCompile Include="..\src\movement_profile.cpp">
      <Filter>src</Filter>
    </ClCompile>
    <ClCompile Include="..\src\block_face.cpp">
      <Filter>src</Filter>
    </ClCompile>
    <ClCompile Include="..\src\point.cpp">
      <Filter>src</Filter>
    </ClCompile>
  </ItemGroup>
  <ItemGroup>
    <ClInclude Include="..\include\stdafx.hpp">
      <Filter>include</Filter>
    </ClInclude>
    <ClInclude Include="..\export\include\snake_overflow\game_logic\block.hpp">
      <Filter>export\include\snake_overflow\game_logic</Filter>
    </ClInclude>
    <ClInclude Include="..\export\include\snake_overflow\game_logic\territory.hpp">
      <Filter>export\include\snake_overflow\game_logic</Filter>
    </ClInclude>
    <ClInclude Include="..\export\include\util\value_ref.hpp">
      <Filter>export\include\util</Filter>
    </ClInclude>
    <ClInclude Include="..\export\include\util\contains.hpp">
      <Filter>export\include\util</Filter>
    </ClInclude>
    <ClInclude Include="..\export\include\snake_overflow\game_logic\cube_builder.hpp">
      <Filter>export\include\snake_overflow\game_logic</Filter>
    </ClInclude>
    <ClInclude Include="..\export\include\snake_overflow\game_logic\snake.hpp">
      <Filter>export\include\snake_overflow\game_logic</Filter>
    </ClInclude>
    <ClInclude Include="..\export\include\snake_overflow\game_logic\position.hpp">
      <Filter>export\include\snake_overflow\game_logic</Filter>
    </ClInclude>
    <ClInclude Include="..\export\include\util\noexcept.hpp">
      <Filter>export\include\util</Filter>
    </ClInclude>
    <ClInclude Include="..\export\include\util\sequence.hpp">
      <Filter>export\include\util</Filter>
    </ClInclude>
    <ClInclude Include="..\export\include\snake_overflow\game_logic\dynamics.hpp">
      <Filter>export\include\snake_overflow\game_logic</Filter>
    </ClInclude>
    <ClInclude Include="..\export\include\util\hashing.hpp">
      <Filter>export\include\util</Filter>
    </ClInclude>
    <ClInclude Include="..\export\include\snake_overflow\game_logic\movement_profile.hpp">
      <Filter>export\include\snake_overflow\game_logic</Filter>
    </ClInclude>
    <ClInclude Include="..\export\include\util\repeat.hpp">
      <Filter>export\include\util</Filter>
    </ClInclude>
    <ClInclude Include="..\export\include\snake_overflow\game_logic\block_face.hpp">
      <Filter>export\include\snake_overflow\game_logic</Filter>
    </ClInclude>
    <ClInclude Include="..\export\include\snake_overflow\game_logic\point.hpp">
      <Filter>export\include\snake_overflow\game_logic</Filter>
    </ClInclude>
    <ClInclude Include="..\export\include\snake_overflow\game_logic\canonical_direction.hpp">
      <Filter>export\include\snake_overflow\game_logic</Filter>
    </ClInclude>
  </ItemGroup>
</Project>