<?xml version="1.0" encoding="utf-8"?>
<Project ToolsVersion="4.0" xmlns="http://schemas.microsoft.com/developer/msbuild/2003">
  <ItemGroup>
    <Filter Include="include">
      <UniqueIdentifier>{93995380-89BD-4b04-88EB-625FBE52EBFB}</UniqueIdentifier>
      <Extensions>h;hh;hpp;hxx;hm;inl;inc;xsd</Extensions>
    </Filter>
    <Filter Include="src">
      <UniqueIdentifier>{4FC737F1-C7A5-4376-A066-2A32D752A2FF}</UniqueIdentifier>
      <Extensions>cpp;c;cc;cxx;def;odl;idl;hpj;bat;asm;asmx</Extensions>
    </Filter>
    <Filter Include="export">
      <UniqueIdentifier>{1d849fe4-da08-48a2-815f-0c154f920eb0}</UniqueIdentifier>
    </Filter>
    <Filter Include="export\include">
      <UniqueIdentifier>{e0195803-a15b-44a4-be71-976b5c6caea4}</UniqueIdentifier>
    </Filter>
    <Filter Include="export\include\snake_overflow">
      <UniqueIdentifier>{1b4f480e-8466-47c0-b608-83bb6051eaa4}</UniqueIdentifier>
    </Filter>
  </ItemGroup>
  <ItemGroup>
    <ClCompile Include="..\src\stdafx.cpp">
      <Filter>src</Filter>
    </ClCompile>
    <ClCompile Include="..\src\block.cpp">
      <Filter>src</Filter>
    </ClCompile>
    <ClCompile Include="..\src\position.cpp">
      <Filter>src</Filter>
    </ClCompile>
    <ClCompile Include="..\src\sequence.cpp">
      <Filter>src</Filter>
    </ClCompile>
    <ClCompile Include="..\src\movement_profile.cpp">
      <Filter>src</Filter>
    </ClCompile>
    <ClCompile Include="..\src\block_face.cpp">
      <Filter>src</Filter>
    </ClCompile>
    <ClCompile Include="..\src\point.cpp">
      <Filter>src</Filter>
    </ClCompile>
    <ClCompile Include="..\src\canonical_direction.cpp">
      <Filter>src</Filter>
    </ClCompile>
    <ClCompile Include="..\src\rgba_color.cpp">
      <Filter>src</Filter>
    </ClCompile>
    <ClCompile Include="..\src\terrain.cpp">
      <Filter>src</Filter>
    </ClCompile>
    <ClCompile Include="..\src\terrain_builder.cpp">
      <Filter>src</Filter>
    </ClCompile>
    <ClCompile Include="..\src\footprint.cpp">
      <Filter>src</Filter>
    </ClCompile>
    <ClCompile Include="..\src\dynamics.cpp">
      <Filter>src</Filter>
    </ClCompile>
    <ClCompile Include="..\src\random_item_position_picker.cpp">
      <Filter>src</Filter>
    </ClCompile>
    <ClCompile Include="..\src\fruit.cpp">
      <Filter>src</Filter>
    </ClCompile>
    <ClCompile Include="..\src\game.cpp">
      <Filter>src</Filter>
    </ClCompile>
    <ClCompile Include="..\src\collision_handler.cpp">
      <Filter>src</Filter>
    </ClCompile>
    <ClCompile Include="..\src\random_integer_generator.cpp">
      <Filter>src</Filter>
    </ClCompile>
    <ClCompile Include="..\src\probabilistic_item_spawner.cpp">
      <Filter>src</Filter>
    </ClCompile>
    <ClCompile Include="..\src\item_spawner.cpp">
      <Filter>src</Filter>
    </ClCompile>
    <ClCompile Include="..\src\load_driven_terrain_item_filler.cpp">
      <Filter>src</Filter>
    </ClCompile>
    <ClCompile Include="..\src\terrain_item_filler.cpp">
      <Filter>src</Filter>
    </ClCompile>
    <ClCompile Include="..\src\diet_pill.cpp">
      <Filter>src</Filter>
    </ClCompile>
    <ClCompile Include="..\src\consumable_item.cpp">
      <Filter>src</Filter>
    </ClCompile>
    <ClCompile Include="..\src\game_over_flag.cpp">
      <Filter>src</Filter>
    </ClCompile>
    <ClCompile Include="..\src\game_integer_parameter.cpp">
      <Filter>src</Filter>
    </ClCompile>
    <ClCompile Include="..\src\game_boolean_parameter.cpp">
      <Filter>src</Filter>
    </ClCompile>
    <ClCompile Include="..\src\snake_body.cpp">
      <Filter>src</Filter>
    </ClCompile>
    <ClCompile Include="..\src\snake.cpp">
      <Filter>src</Filter>
    </ClCompile>
    <ClCompile Include="..\src\dead_snake_flag.cpp">
      <Filter>src</Filter>
    </ClCompile>
    <ClCompile Include="..\src\snake_boolean_parameter.cpp">
      <Filter>src</Filter>
    </ClCompile>
    <ClCompile Include="..\src\invulnerability_spell.cpp">
      <Filter>src</Filter>
    </ClCompile>
    <ClCompile Include="..\src\block_type.cpp">
      <Filter>src</Filter>
    </ClCompile>
    <ClCompile Include="..\src\block_type_list_reader.cpp">
      <Filter>src</Filter>
    </ClCompile>
    <ClCompile Include="..\src\item_lifetime.cpp">
      <Filter>src</Filter>
    </ClCompile>
  </ItemGroup>
  <ItemGroup>
    <ClInclude Include="..\include\stdafx.hpp">
      <Filter>include</Filter>
    </ClInclude>
    <ClInclude Include="..\export\include\snake_overflow\block.hpp">
      <Filter>export\include\snake_overflow</Filter>
    </ClInclude>
    <ClInclude Include="..\export\include\snake_overflow\block_face.hpp">
      <Filter>export\include\snake_overflow</Filter>
    </ClInclude>
    <ClInclude Include="..\export\include\snake_overflow\canonical_direction.hpp">
      <Filter>export\include\snake_overflow</Filter>
    </ClInclude>
    <ClInclude Include="..\export\include\snake_overflow\movement_profile.hpp">
      <Filter>export\include\snake_overflow</Filter>
    </ClInclude>
    <ClInclude Include="..\export\include\snake_overflow\point.hpp">
      <Filter>export\include\snake_overflow</Filter>
    </ClInclude>
    <ClInclude Include="..\export\include\snake_overflow\position.hpp">
      <Filter>export\include\snake_overflow</Filter>
    </ClInclude>
    <ClInclude Include="..\export\include\snake_overflow\maneuvre.hpp">
      <Filter>export\include\snake_overflow</Filter>
    </ClInclude>
    <ClInclude Include="..\export\include\snake_overflow\rgba_color.hpp">
      <Filter>export\include\snake_overflow</Filter>
    </ClInclude>
    <ClInclude Include="..\export\include\snake_overflow\terrain.hpp">
      <Filter>export\include\snake_overflow</Filter>
    </ClInclude>
    <ClInclude Include="..\export\include\snake_overflow\terrain_builder.hpp">
      <Filter>export\include\snake_overflow</Filter>
    </ClInclude>
    <ClInclude Include="..\export\include\snake_overflow\footprint.hpp">
      <Filter>export\include\snake_overflow</Filter>
    </ClInclude>
    <ClInclude Include="..\export\include\snake_overflow\dynamics.hpp">
      <Filter>export\include\snake_overflow</Filter>
    </ClInclude>
    <ClInclude Include="..\export\include\snake_overflow\random_item_position_picker.hpp">
      <Filter>export\include\snake_overflow</Filter>
    </ClInclude>
    <ClInclude Include="..\export\include\snake_overflow\item_position_picker.hpp">
      <Filter>export\include\snake_overflow</Filter>
    </ClInclude>
    <ClInclude Include="..\export\include\snake_overflow\fruit.hpp">
      <Filter>export\include\snake_overflow</Filter>
    </ClInclude>
    <ClInclude Include="..\export\include\snake_overflow\item.hpp">
      <Filter>export\include\snake_overflow</Filter>
    </ClInclude>
    <ClInclude Include="..\export\include\snake_overflow\game.hpp">
      <Filter>export\include\snake_overflow</Filter>
    </ClInclude>
    <ClInclude Include="..\export\include\snake_overflow\collision_handler.hpp">
      <Filter>export\include\snake_overflow</Filter>
    </ClInclude>
    <ClInclude Include="..\export\include\snake_overflow\random_integer_generator.hpp">
      <Filter>export\include\snake_overflow</Filter>
    </ClInclude>
    <ClInclude Include="..\export\include\snake_overflow\probabilistic_item_spawner.hpp">
      <Filter>export\include\snake_overflow</Filter>
    </ClInclude>
    <ClInclude Include="..\export\include\snake_overflow\item_spawner.hpp">
      <Filter>export\include\snake_overflow</Filter>
    </ClInclude>
    <ClInclude Include="..\export\include\snake_overflow\load_driven_terrain_item_filler.hpp">
      <Filter>export\include\snake_overflow</Filter>
    </ClInclude>
    <ClInclude Include="..\export\include\snake_overflow\terrain_item_filler.hpp">
      <Filter>export\include\snake_overflow</Filter>
    </ClInclude>
    <ClInclude Include="..\export\include\snake_overflow\diet_pill.hpp">
      <Filter>export\include\snake_overflow</Filter>
    </ClInclude>
    <ClInclude Include="..\export\include\snake_overflow\consumable_item.hpp">
      <Filter>export\include\snake_overflow</Filter>
    </ClInclude>
    <ClInclude Include="..\export\include\snake_overflow\game_over_flag.hpp">
      <Filter>export\include\snake_overflow</Filter>
    </ClInclude>
    <ClInclude Include="..\export\include\snake_overflow\game_integer_parameter.hpp">
      <Filter>export\include\snake_overflow</Filter>
    </ClInclude>
    <ClInclude Include="..\export\include\snake_overflow\game_boolean_parameter.hpp">
      <Filter>export\include\snake_overflow</Filter>
    </ClInclude>
    <ClInclude Include="..\export\include\snake_overflow\snake_body.hpp">
      <Filter>export\include\snake_overflow</Filter>
    </ClInclude>
    <ClInclude Include="..\export\include\snake_overflow\snake.hpp">
      <Filter>export\include\snake_overflow</Filter>
    </ClInclude>
    <ClInclude Include="..\export\include\snake_overflow\dead_snake_flag.hpp">
      <Filter>export\include\snake_overflow</Filter>
    </ClInclude>
    <ClInclude Include="..\export\include\snake_overflow\snake_boolean_parameter.hpp">
      <Filter>export\include\snake_overflow</Filter>
    </ClInclude>
    <ClInclude Include="..\export\include\snake_overflow\invulnerability_spell.hpp">
      <Filter>export\include\snake_overflow</Filter>
    </ClInclude>
    <ClInclude Include="..\export\include\snake_overflow\terrain_reader.hpp">
      <Filter>export\include\snake_overflow</Filter>
    </ClInclude>
    <ClInclude Include="..\export\include\snake_overflow\terrain_layer_reader.hpp">
      <Filter>export\include\snake_overflow</Filter>
    </ClInclude>
    <ClInclude Include="..\export\include\snake_overflow\block_type_list_reader.hpp">
      <Filter>export\include\snake_overflow</Filter>
    </ClInclude>
    <ClInclude Include="..\export\include\snake_overflow\block_type.hpp">
      <Filter>export\include\snake_overflow</Filter>
    </ClInclude>
    <ClInclude Include="..\export\include\snake_overflow\item_lifetime.hpp">
      <Filter>export\include\snake_overflow</Filter>
    </ClInclude>
  </ItemGroup>
</Project>