<?xml version="1.0" encoding="utf-8"?>
<Project ToolsVersion="4.0" xmlns="http://schemas.microsoft.com/developer/msbuild/2003">
  <ItemGroup>
    <Filter Include="include">
      <UniqueIdentifier>{93995380-89BD-4b04-88EB-625FBE52EBFB}</UniqueIdentifier>
      <Extensions>h;hh;hpp;hxx;hm;inl;inc;xsd</Extensions>
    </Filter>
    <Filter Include="src">
      <UniqueIdentifier>{4FC737F1-C7A5-4376-A066-2A32D752A2FF}</UniqueIdentifier>
      <Extensions>cpp;c;cc;cxx;def;odl;idl;hpj;bat;asm;asmx</Extensions>
    </Filter>
    <Filter Include="include\testing">
      <UniqueIdentifier>{24478e30-fe7c-44a8-a0e9-17eed68c91d0}</UniqueIdentifier>
    </Filter>
    <Filter Include="include\snake_overflow">
      <UniqueIdentifier>{6296b629-15b0-49ec-9a2b-e53540cf11fa}</UniqueIdentifier>
    </Filter>
  </ItemGroup>
  <ItemGroup>
    <ClCompile Include="..\src\stdafx.cpp">
      <Filter>src</Filter>
    </ClCompile>
    <ClCompile Include="..\src\main.cpp">
      <Filter>src</Filter>
    </ClCompile>
    <ClCompile Include="..\src\block_test_suite.cpp">
      <Filter>src</Filter>
    </ClCompile>
    <ClCompile Include="..\src\snake_test_suite.cpp">
      <Filter>src</Filter>
    </ClCompile>
    <ClCompile Include="..\src\terrain_test_suite.cpp">
      <Filter>src</Filter>
    </ClCompile>
    <ClCompile Include="..\src\terrain_builder_test_suite.cpp">
      <Filter>src</Filter>
    </ClCompile>
  </ItemGroup>
  <ItemGroup>
    <ClInclude Include="..\include\stdafx.hpp">
      <Filter>include</Filter>
    </ClInclude>
    <ClInclude Include="..\include\testing\test_naming.hpp">
      <Filter>include\testing</Filter>
    </ClInclude>
    <ClInclude Include="..\include\snake_overflow\block_face_format.hpp">
      <Filter>include\snake_overflow</Filter>
    </ClInclude>
    <ClInclude Include="..\include\snake_overflow\direction_format.hpp">
      <Filter>include\snake_overflow</Filter>
    </ClInclude>
    <ClInclude Include="..\include\snake_overflow\dynamics_format.hpp">
      <Filter>include\snake_overflow</Filter>
    </ClInclude>
    <ClInclude Include="..\include\snake_overflow\point_format.hpp">
      <Filter>include\snake_overflow</Filter>
    </ClInclude>
    <ClInclude Include="..\include\snake_overflow\position_format.hpp">
      <Filter>include\snake_overflow</Filter>
    </ClInclude>
  </ItemGroup>
</Project>