<?xml version="1.0" encoding="utf-8"?>
<Project ToolsVersion="4.0" xmlns="http://schemas.microsoft.com/developer/msbuild/2003">
  <ItemGroup>
    <Filter Include="src">
      <UniqueIdentifier>{4FC737F1-C7A5-4376-A066-2A32D752A2FF}</UniqueIdentifier>
      <Extensions>cpp;c;cc;cxx;def;odl;idl;hpj;bat;asm;asmx</Extensions>
    </Filter>
    <Filter Include="export">
      <UniqueIdentifier>{1de6004c-5caf-4eff-a80c-2b3a61ed69d7}</UniqueIdentifier>
    </Filter>
    <Filter Include="export\include">
      <UniqueIdentifier>{93995380-89BD-4b04-88EB-625FBE52EBFB}</UniqueIdentifier>
      <Extensions>h;hh;hpp;hxx;hm;inl;inc;xsd</Extensions>
    </Filter>
    <Filter Include="export\include\testing">
      <UniqueIdentifier>{24478e30-fe7c-44a8-a0e9-17eed68c91d0}</UniqueIdentifier>
    </Filter>
    <Filter Include="export\include\snake_overflow">
      <UniqueIdentifier>{6296b629-15b0-49ec-9a2b-e53540cf11fa}</UniqueIdentifier>
    </Filter>
    <Filter Include="export\include\snake_overflow\testing">
      <UniqueIdentifier>{18baba12-9ead-49c0-bc68-6e2c4c5b9c98}</UniqueIdentifier>
    </Filter>
    <Filter Include="include">
      <UniqueIdentifier>{0b63f9fd-9dac-43ce-8e0f-1a7b3bc38aa5}</UniqueIdentifier>
    </Filter>
  </ItemGroup>
  <ItemGroup>
    <ClCompile Include="..\src\stdafx.cpp">
      <Filter>src</Filter>
    </ClCompile>
    <ClCompile Include="..\src\main.cpp">
      <Filter>src</Filter>
    </ClCompile>
    <ClCompile Include="..\src\block_test_suite.cpp">
      <Filter>src</Filter>
    </ClCompile>
    <ClCompile Include="..\src\terrain_test_suite.cpp">
      <Filter>src</Filter>
    </ClCompile>
    <ClCompile Include="..\src\terrain_builder_test_suite.cpp">
      <Filter>src</Filter>
    </ClCompile>
    <ClCompile Include="..\src\random_item_position_picker_test_suite.cpp">
      <Filter>src</Filter>
    </ClCompile>
    <ClCompile Include="..\src\fruit_test_suite.cpp">
      <Filter>src</Filter>
    </ClCompile>
    <ClCompile Include="..\src\game_test_suite.cpp">
      <Filter>src</Filter>
    </ClCompile>
    <ClCompile Include="..\src\cube_terrain_game_fixture.cpp">
      <Filter>src</Filter>
    </ClCompile>
    <ClCompile Include="..\src\probabilistic_item_spawner_test_suite.cpp">
      <Filter>src</Filter>
    </ClCompile>
    <ClCompile Include="..\src\terrain_item_filler_test_suite.cpp">
      <Filter>src</Filter>
    </ClCompile>
    <ClCompile Include="..\src\diet_pill_test_suite.cpp">
      <Filter>src</Filter>
    </ClCompile>
    <ClCompile Include="..\src\snake_body_test_suite.cpp">
      <Filter>src</Filter>
    </ClCompile>
    <ClCompile Include="..\src\snake_test_suite.cpp">
      <Filter>src</Filter>
    </ClCompile>
    <ClCompile Include="..\src\invulnerability_potion_test_suite.cpp">
      <Filter>src</Filter>
    </ClCompile>
    <ClCompile Include="..\export\include\snake_overflow\testing\invulnerability_spell_test_suite.cpp">
      <Filter>src</Filter>
    </ClCompile>
    <ClCompile Include="..\src\score_record_test_suite.cpp">
      <Filter>src</Filter>
    </ClCompile>
    <ClCompile Include="..\src\high_score_stream_persiter_test_suite.cpp">
      <Filter>src</Filter>
    </ClCompile>
    <ClCompile Include="..\export\include\snake_overflow\testing\volatile_high_scores_rankings_test_suite.cpp">
      <Filter>src</Filter>
    </ClCompile>
    <ClCompile Include="..\src\speed_booster_test_suite.cpp">
      <Filter>src</Filter>
    </ClCompile>
    <ClCompile Include="..\src\frenzy_spell_test_suite.cpp">
      <Filter>src</Filter>
    </ClCompile>
  </ItemGroup>
  <ItemGroup>
    <ClInclude Include="..\include\stdafx.hpp">
      <Filter>include</Filter>
    </ClInclude>
    <ClInclude Include="..\export\include\snake_overflow\testing\cube_terrain_game_fixture.hpp">
      <Filter>export\include\snake_overflow\testing</Filter>
    </ClInclude>
    <ClInclude Include="..\export\include\snake_overflow\testing\fake_item.hpp">
      <Filter>export\include\snake_overflow\testing</Filter>
    </ClInclude>
    <ClInclude Include="..\export\include\snake_overflow\testing\item_position_picker_mock.hpp">
      <Filter>export\include\snake_overflow\testing</Filter>
    </ClInclude>
    <ClInclude Include="..\export\include\snake_overflow\testing\item_spawner_spy.hpp">
      <Filter>export\include\snake_overflow\testing</Filter>
    </ClInclude>
    <ClInclude Include="..\export\include\snake_overflow\testing\terrain_item_filler_spy.hpp">
      <Filter>export\include\snake_overflow\testing</Filter>
    </ClInclude>
    <ClInclude Include="..\export\include\snake_overflow\block_face_format.hpp">
      <Filter>export\include\snake_overflow</Filter>
    </ClInclude>
    <ClInclude Include="..\export\include\snake_overflow\direction_format.hpp">
      <Filter>export\include\snake_overflow</Filter>
    </ClInclude>
    <ClInclude Include="..\export\include\snake_overflow\footprint_format.hpp">
      <Filter>export\include\snake_overflow</Filter>
    </ClInclude>
    <ClInclude Include="..\export\include\snake_overflow\point_format.hpp">
      <Filter>export\include\snake_overflow</Filter>
    </ClInclude>
    <ClInclude Include="..\export\include\snake_overflow\position_format.hpp">
      <Filter>export\include\snake_overflow</Filter>
    </ClInclude>
    <ClInclude Include="..\export\include\testing\test_naming.hpp">
      <Filter>export\include\testing</Filter>
    </ClInclude>
    <ClInclude Include="..\export\include\snake_overflow\testing\fake_spell.hpp">
      <Filter>export\include\snake_overflow\testing</Filter>
    </ClInclude>
  </ItemGroup>
</Project>